
Microsoft Visual Studio Solution File, Format Version 12.00
# Visual Studio Version 17
VisualStudioVersion = 17.1.32421.90
MinimumVisualStudioVersion = 10.0.40219.1
Project("{8BC9CEB8-8B4A-11D0-8D11-00A0C91BC942}") = "GuessTheNumber", "GuessTheNumber\GuessTheNumber.vcxproj", "{57549220-425C-436C-AABE-8EE558CADBFE}"
EndProject
Global
	GlobalSection(SolutionConfigurationPlatforms) = preSolution
		Debug|x64 = Debug|x64
		Debug|x86 = Debug|x86
		Release|x64 = Release|x64
		Release|x86 = Release|x86
	EndGlobalSection
	GlobalSection(ProjectConfigurationPlatforms) = postSolution
		{57549220-425C-436C-AABE-8EE558CADBFE}.Debug|x64.ActiveCfg = Debug|x64
		{57549220-425C-436C-AABE-8EE558CADBFE}.Debug|x64.Build.0 = Debug|x64
		{57549220-425C-436C-AABE-8EE558CADBFE}.Debug|x86.ActiveCfg = Debug|Win32
		{57549220-425C-436C-AABE-8EE558CADBFE}.Debug|x86.Build.0 = Debug|Win32
		{57549220-425C-436C-AABE-8EE558CADBFE}.Release|x64.ActiveCfg = Release|x64
		{57549220-425C-436C-AABE-8EE558CADBFE}.Release|x64.Build.0 = Release|x64
		{57549220-425C-436C-AABE-8EE558CADBFE}.Release|x86.ActiveCfg = Release|Win32
		{57549220-425C-436C-AABE-8EE558CADBFE}.Release|x86.Build.0 = Release|Win32
	EndGlobalSection
	GlobalSection(SolutionProperties) = preSolution
		HideSolutionNode = FALSE
	EndGlobalSection
	GlobalSection(ExtensibilityGlobals) = postSolution
		SolutionGuid = {6599724B-A580-4F3C-9052-4E79E62F63DB}
	EndGlobalSection
EndGlobal
